
Microsoft Visual Studio Solution File, Format Version 12.00
# Visual Studio Version 17
VisualStudioVersion = 17.2.32616.157
MinimumVisualStudioVersion = 10.0.40219.1
Project("{FAE04EC0-301F-11D3-BF4B-00C04F79EFBC}") = "Decorator", "Decorator\Decorator.csproj", "{10214CC8-2935-4014-A317-457E60520EDC}"
EndProject
Project("{FAE04EC0-301F-11D3-BF4B-00C04F79EFBC}") = "Flyweight", "Flyweight\Flyweight.csproj", "{3B3D1450-9129-4D91-AAA7-1E2485CB8D57}"
EndProject
Project("{FAE04EC0-301F-11D3-BF4B-00C04F79EFBC}") = "Strategy", "Strategy\Strategy.csproj", "{AEFF2DFA-201E-4FFE-8794-89DFF54E92A8}"
EndProject
Project("{FAE04EC0-301F-11D3-BF4B-00C04F79EFBC}") = "Adapter", "Adapter\Adapter.csproj", "{F205D70B-5B9B-4EE1-9EA9-035F88D80D46}"
EndProject
Project("{FAE04EC0-301F-11D3-BF4B-00C04F79EFBC}") = "Bridge", "Bridge\Bridge.csproj", "{3348E20D-B865-430B-9C88-824D6D17D4A5}"
EndProject
Project("{FAE04EC0-301F-11D3-BF4B-00C04F79EFBC}") = "Bridge2", "Bridge2\Bridge2.csproj", "{445F8BB6-697F-44C9-A578-D926642A65FF}"
EndProject
Project("{FAE04EC0-301F-11D3-BF4B-00C04F79EFBC}") = "Builder", "Builder\Builder.csproj", "{7A80ACB2-949D-4A31-A2FD-25035883F65E}"
EndProject
Project("{FAE04EC0-301F-11D3-BF4B-00C04F79EFBC}") = "Composite", "Composite\Composite.csproj", "{E986FC1F-8432-47ED-A1FC-E13CE87AEA3A}"
EndProject
Project("{FAE04EC0-301F-11D3-BF4B-00C04F79EFBC}") = "DeepPrototype", "DeepPrototype\DeepPrototype.csproj", "{7A68792B-D1DD-4060-ABC8-C658522574A0}"
EndProject
Project("{FAE04EC0-301F-11D3-BF4B-00C04F79EFBC}") = "Facade", "Facade\Facade.csproj", "{A5A51655-3F4A-4BEE-9EE8-D82AD56721D8}"
EndProject
Project("{FAE04EC0-301F-11D3-BF4B-00C04F79EFBC}") = "FactoryMethod", "Factory\FactoryMethod.csproj", "{0DD64C66-C074-4B03-BE3C-6881F336EA04}"
EndProject
Project("{FAE04EC0-301F-11D3-BF4B-00C04F79EFBC}") = "Iterator", "Iterator\Iterator.csproj", "{8FC06EC3-5939-4EA3-A00C-132E8EC0CEA6}"
EndProject
Project("{FAE04EC0-301F-11D3-BF4B-00C04F79EFBC}") = "Memento", "Memento\Memento.csproj", "{74673302-BE80-4416-9ABE-DAC170C42413}"
EndProject
Project("{FAE04EC0-301F-11D3-BF4B-00C04F79EFBC}") = "Proxy", "Proxy\Proxy.csproj", "{0C5EA84A-62D8-4DA0-B1B0-DC9C421E5335}"
EndProject
Project("{FAE04EC0-301F-11D3-BF4B-00C04F79EFBC}") = "Proxy2", "Proxy2\Proxy2.csproj", "{6A7C9905-EFEE-482B-8B3E-4A4B20A2F7CC}"
EndProject
Project("{FAE04EC0-301F-11D3-BF4B-00C04F79EFBC}") = "Singleton", "Singleton\Singleton.csproj", "{B97B1CC2-32C8-4AF6-9CE4-87B932CE9B75}"
EndProject
Project("{FAE04EC0-301F-11D3-BF4B-00C04F79EFBC}") = "Strategy2", "Strategy2\Strategy2.csproj", "{D7C4E66E-4D76-4A94-A049-776EF3E0125A}"
EndProject
Project("{FAE04EC0-301F-11D3-BF4B-00C04F79EFBC}") = "SuperficialPrototype", "SuperficialPrototype\SuperficialPrototype.csproj", "{F57BA5E6-FD12-4004-ACAC-20C25DEECD1A}"
EndProject
Project("{FAE04EC0-301F-11D3-BF4B-00C04F79EFBC}") = "Visitor", "Visitor\Visitor.csproj", "{73CC2464-7BF5-4EF3-86AD-A89DD08BE71E}"
EndProject
Global
	GlobalSection(SolutionConfigurationPlatforms) = preSolution
		Debug|Any CPU = Debug|Any CPU
		Release|Any CPU = Release|Any CPU
	EndGlobalSection
	GlobalSection(ProjectConfigurationPlatforms) = postSolution
		{10214CC8-2935-4014-A317-457E60520EDC}.Debug|Any CPU.ActiveCfg = Debug|Any CPU
		{10214CC8-2935-4014-A317-457E60520EDC}.Debug|Any CPU.Build.0 = Debug|Any CPU
		{10214CC8-2935-4014-A317-457E60520EDC}.Release|Any CPU.ActiveCfg = Release|Any CPU
		{10214CC8-2935-4014-A317-457E60520EDC}.Release|Any CPU.Build.0 = Release|Any CPU
		{3B3D1450-9129-4D91-AAA7-1E2485CB8D57}.Debug|Any CPU.ActiveCfg = Debug|Any CPU
		{3B3D1450-9129-4D91-AAA7-1E2485CB8D57}.Debug|Any CPU.Build.0 = Debug|Any CPU
		{3B3D1450-9129-4D91-AAA7-1E2485CB8D57}.Release|Any CPU.ActiveCfg = Release|Any CPU
		{3B3D1450-9129-4D91-AAA7-1E2485CB8D57}.Release|Any CPU.Build.0 = Release|Any CPU
		{AEFF2DFA-201E-4FFE-8794-89DFF54E92A8}.Debug|Any CPU.ActiveCfg = Debug|Any CPU
		{AEFF2DFA-201E-4FFE-8794-89DFF54E92A8}.Debug|Any CPU.Build.0 = Debug|Any CPU
		{AEFF2DFA-201E-4FFE-8794-89DFF54E92A8}.Release|Any CPU.ActiveCfg = Release|Any CPU
		{AEFF2DFA-201E-4FFE-8794-89DFF54E92A8}.Release|Any CPU.Build.0 = Release|Any CPU
		{F205D70B-5B9B-4EE1-9EA9-035F88D80D46}.Debug|Any CPU.ActiveCfg = Debug|Any CPU
		{F205D70B-5B9B-4EE1-9EA9-035F88D80D46}.Debug|Any CPU.Build.0 = Debug|Any CPU
		{F205D70B-5B9B-4EE1-9EA9-035F88D80D46}.Release|Any CPU.ActiveCfg = Release|Any CPU
		{F205D70B-5B9B-4EE1-9EA9-035F88D80D46}.Release|Any CPU.Build.0 = Release|Any CPU
		{3348E20D-B865-430B-9C88-824D6D17D4A5}.Debug|Any CPU.ActiveCfg = Debug|Any CPU
		{3348E20D-B865-430B-9C88-824D6D17D4A5}.Debug|Any CPU.Build.0 = Debug|Any CPU
		{3348E20D-B865-430B-9C88-824D6D17D4A5}.Release|Any CPU.ActiveCfg = Release|Any CPU
		{3348E20D-B865-430B-9C88-824D6D17D4A5}.Release|Any CPU.Build.0 = Release|Any CPU
		{445F8BB6-697F-44C9-A578-D926642A65FF}.Debug|Any CPU.ActiveCfg = Debug|Any CPU
		{445F8BB6-697F-44C9-A578-D926642A65FF}.Debug|Any CPU.Build.0 = Debug|Any CPU
		{445F8BB6-697F-44C9-A578-D926642A65FF}.Release|Any CPU.ActiveCfg = Release|Any CPU
		{445F8BB6-697F-44C9-A578-D926642A65FF}.Release|Any CPU.Build.0 = Release|Any CPU
		{7A80ACB2-949D-4A31-A2FD-25035883F65E}.Debug|Any CPU.ActiveCfg = Debug|Any CPU
		{7A80ACB2-949D-4A31-A2FD-25035883F65E}.Debug|Any CPU.Build.0 = Debug|Any CPU
		{7A80ACB2-949D-4A31-A2FD-25035883F65E}.Release|Any CPU.ActiveCfg = Release|Any CPU
		{7A80ACB2-949D-4A31-A2FD-25035883F65E}.Release|Any CPU.Build.0 = Release|Any CPU
		{E986FC1F-8432-47ED-A1FC-E13CE87AEA3A}.Debug|Any CPU.ActiveCfg = Debug|Any CPU
		{E986FC1F-8432-47ED-A1FC-E13CE87AEA3A}.Debug|Any CPU.Build.0 = Debug|Any CPU
		{E986FC1F-8432-47ED-A1FC-E13CE87AEA3A}.Release|Any CPU.ActiveCfg = Release|Any CPU
		{E986FC1F-8432-47ED-A1FC-E13CE87AEA3A}.Release|Any CPU.Build.0 = Release|Any CPU
		{7A68792B-D1DD-4060-ABC8-C658522574A0}.Debug|Any CPU.ActiveCfg = Debug|Any CPU
		{7A68792B-D1DD-4060-ABC8-C658522574A0}.Debug|Any CPU.Build.0 = Debug|Any CPU
		{7A68792B-D1DD-4060-ABC8-C658522574A0}.Release|Any CPU.ActiveCfg = Release|Any CPU
		{7A68792B-D1DD-4060-ABC8-C658522574A0}.Release|Any CPU.Build.0 = Release|Any CPU
		{A5A51655-3F4A-4BEE-9EE8-D82AD56721D8}.Debug|Any CPU.ActiveCfg = Debug|Any CPU
		{A5A51655-3F4A-4BEE-9EE8-D82AD56721D8}.Debug|Any CPU.Build.0 = Debug|Any CPU
		{A5A51655-3F4A-4BEE-9EE8-D82AD56721D8}.Release|Any CPU.ActiveCfg = Release|Any CPU
		{A5A51655-3F4A-4BEE-9EE8-D82AD56721D8}.Release|Any CPU.Build.0 = Release|Any CPU
		{0DD64C66-C074-4B03-BE3C-6881F336EA04}.Debug|Any CPU.ActiveCfg = Debug|Any CPU
		{0DD64C66-C074-4B03-BE3C-6881F336EA04}.Debug|Any CPU.Build.0 = Debug|Any CPU
		{0DD64C66-C074-4B03-BE3C-6881F336EA04}.Release|Any CPU.ActiveCfg = Release|Any CPU
		{0DD64C66-C074-4B03-BE3C-6881F336EA04}.Release|Any CPU.Build.0 = Release|Any CPU
		{8FC06EC3-5939-4EA3-A00C-132E8EC0CEA6}.Debug|Any CPU.ActiveCfg = Debug|Any CPU
		{8FC06EC3-5939-4EA3-A00C-132E8EC0CEA6}.Debug|Any CPU.Build.0 = Debug|Any CPU
		{8FC06EC3-5939-4EA3-A00C-132E8EC0CEA6}.Release|Any CPU.ActiveCfg = Release|Any CPU
		{8FC06EC3-5939-4EA3-A00C-132E8EC0CEA6}.Release|Any CPU.Build.0 = Release|Any CPU
		{74673302-BE80-4416-9ABE-DAC170C42413}.Debug|Any CPU.ActiveCfg = Debug|Any CPU
		{74673302-BE80-4416-9ABE-DAC170C42413}.Debug|Any CPU.Build.0 = Debug|Any CPU
		{74673302-BE80-4416-9ABE-DAC170C42413}.Release|Any CPU.ActiveCfg = Release|Any CPU
		{74673302-BE80-4416-9ABE-DAC170C42413}.Release|Any CPU.Build.0 = Release|Any CPU
		{0C5EA84A-62D8-4DA0-B1B0-DC9C421E5335}.Debug|Any CPU.ActiveCfg = Debug|Any CPU
		{0C5EA84A-62D8-4DA0-B1B0-DC9C421E5335}.Debug|Any CPU.Build.0 = Debug|Any CPU
		{0C5EA84A-62D8-4DA0-B1B0-DC9C421E5335}.Release|Any CPU.ActiveCfg = Release|Any CPU
		{0C5EA84A-62D8-4DA0-B1B0-DC9C421E5335}.Release|Any CPU.Build.0 = Release|Any CPU
		{6A7C9905-EFEE-482B-8B3E-4A4B20A2F7CC}.Debug|Any CPU.ActiveCfg = Debug|Any CPU
		{6A7C9905-EFEE-482B-8B3E-4A4B20A2F7CC}.Debug|Any CPU.Build.0 = Debug|Any CPU
		{6A7C9905-EFEE-482B-8B3E-4A4B20A2F7CC}.Release|Any CPU.ActiveCfg = Release|Any CPU
		{6A7C9905-EFEE-482B-8B3E-4A4B20A2F7CC}.Release|Any CPU.Build.0 = Release|Any CPU
		{B97B1CC2-32C8-4AF6-9CE4-87B932CE9B75}.Debug|Any CPU.ActiveCfg = Debug|Any CPU
		{B97B1CC2-32C8-4AF6-9CE4-87B932CE9B75}.Debug|Any CPU.Build.0 = Debug|Any CPU
		{B97B1CC2-32C8-4AF6-9CE4-87B932CE9B75}.Release|Any CPU.ActiveCfg = Release|Any CPU
		{B97B1CC2-32C8-4AF6-9CE4-87B932CE9B75}.Release|Any CPU.Build.0 = Release|Any CPU
		{D7C4E66E-4D76-4A94-A049-776EF3E0125A}.Debug|Any CPU.ActiveCfg = Debug|Any CPU
		{D7C4E66E-4D76-4A94-A049-776EF3E0125A}.Debug|Any CPU.Build.0 = Debug|Any CPU
		{D7C4E66E-4D76-4A94-A049-776EF3E0125A}.Release|Any CPU.ActiveCfg = Release|Any CPU
		{D7C4E66E-4D76-4A94-A049-776EF3E0125A}.Release|Any CPU.Build.0 = Release|Any CPU
		{F57BA5E6-FD12-4004-ACAC-20C25DEECD1A}.Debug|Any CPU.ActiveCfg = Debug|Any CPU
		{F57BA5E6-FD12-4004-ACAC-20C25DEECD1A}.Debug|Any CPU.Build.0 = Debug|Any CPU
		{F57BA5E6-FD12-4004-ACAC-20C25DEECD1A}.Release|Any CPU.ActiveCfg = Release|Any CPU
		{F57BA5E6-FD12-4004-ACAC-20C25DEECD1A}.Release|Any CPU.Build.0 = Release|Any CPU
		{73CC2464-7BF5-4EF3-86AD-A89DD08BE71E}.Debug|Any CPU.ActiveCfg = Debug|Any CPU
		{73CC2464-7BF5-4EF3-86AD-A89DD08BE71E}.Debug|Any CPU.Build.0 = Debug|Any CPU
		{73CC2464-7BF5-4EF3-86AD-A89DD08BE71E}.Release|Any CPU.ActiveCfg = Release|Any CPU
		{73CC2464-7BF5-4EF3-86AD-A89DD08BE71E}.Release|Any CPU.Build.0 = Release|Any CPU
	EndGlobalSection
	GlobalSection(SolutionProperties) = preSolution
		HideSolutionNode = FALSE
	EndGlobalSection
	GlobalSection(ExtensibilityGlobals) = postSolution
		SolutionGuid = {7371E5E8-F133-4188-8B73-BC3EE7AEB31D}
	EndGlobalSection
EndGlobal
